// !$*UTF8*$!
{
	archiveVersion = 1;
	classes = {
	};
	objectVersion = 46;
	objects = {

/* Begin PBXBuildFile section */
		00C2B41D1B2EEC4600FA25AA /* AppDelegate.swift in Sources */ = {isa = PBXBuildFile; fileRef = 00C2B41C1B2EEC4600FA25AA /* AppDelegate.swift */; };
		00C2B41F1B2EEC4600FA25AA /* ViewController.swift in Sources */ = {isa = PBXBuildFile; fileRef = 00C2B41E1B2EEC4600FA25AA /* ViewController.swift */; };
		00C2B4221B2EEC4600FA25AA /* Main.storyboard in Resources */ = {isa = PBXBuildFile; fileRef = 00C2B4201B2EEC4600FA25AA /* Main.storyboard */; };
		00C2B4241B2EEC4600FA25AA /* Images.xcassets in Resources */ = {isa = PBXBuildFile; fileRef = 00C2B4231B2EEC4600FA25AA /* Images.xcassets */; };
		00C2B4271B2EEC4600FA25AA /* LaunchScreen.xib in Resources */ = {isa = PBXBuildFile; fileRef = 00C2B4251B2EEC4600FA25AA /* LaunchScreen.xib */; };
		00C2B4331B2EEC4600FA25AA /* lesson_5_1Tests.swift in Sources */ = {isa = PBXBuildFile; fileRef = 00C2B4321B2EEC4600FA25AA /* lesson_5_1Tests.swift */; };
/* End PBXBuildFile section */

/* Begin PBXContainerItemProxy section */
		00C2B42D1B2EEC4600FA25AA /* PBXContainerItemProxy */ = {
			isa = PBXContainerItemProxy;
			containerPortal = 00C2B40F1B2EEC4600FA25AA /* Project object */;
			proxyType = 1;
			remoteGlobalIDString = 00C2B4161B2EEC4600FA25AA;
			remoteInfo = "lesson 5-1";
		};
/* End PBXContainerItemProxy section */

/* Begin PBXFileReference section */
		00C2B4171B2EEC4600FA25AA /* lesson 5-1.app */ = {isa = PBXFileReference; explicitFileType = wrapper.application; includeInIndex = 0; path = "lesson 5-1.app"; sourceTree = BUILT_PRODUCTS_DIR; };
		00C2B41B1B2EEC4600FA25AA /* Info.plist */ = {isa = PBXFileReference; lastKnownFileType = text.plist.xml; path = Info.plist; sourceTree = "<group>"; };
		00C2B41C1B2EEC4600FA25AA /* AppDelegate.swift */ = {isa = PBXFileReference; lastKnownFileType = sourcecode.swift; path = AppDelegate.swift; sourceTree = "<group>"; };
		00C2B41E1B2EEC4600FA25AA /* ViewController.swift */ = {isa = PBXFileReference; lastKnownFileType = sourcecode.swift; path = ViewController.swift; sourceTree = "<group>"; };
		00C2B4211B2EEC4600FA25AA /* Base */ = {isa = PBXFileReference; lastKnownFileType = file.storyboard; name = Base; path = Base.lproj/Main.storyboard; sourceTree = "<group>"; };
		00C2B4231B2EEC4600FA25AA /* Images.xcassets */ = {isa = PBXFileReference; lastKnownFileType = folder.assetcatalog; path = Images.xcassets; sourceTree = "<group>"; };
		00C2B4261B2EEC4600FA25AA /* Base */ = {isa = PBXFileReference; lastKnownFileType = file.xib; name = Base; path = Base.lproj/LaunchScreen.xib; sourceTree = "<group>"; };
		00C2B42C1B2EEC4600FA25AA /* lesson 5-1Tests.xctest */ = {isa = PBXFileReference; explicitFileType = wrapper.cfbundle; includeInIndex = 0; path = "lesson 5-1Tests.xctest"; sourceTree = BUILT_PRODUCTS_DIR; };
		00C2B4311B2EEC4600FA25AA /* Info.plist */ = {isa = PBXFileReference; lastKnownFileType = text.plist.xml; path = Info.plist; sourceTree = "<group>"; };
		00C2B4321B2EEC4600FA25AA /* lesson_5_1Tests.swift */ = {isa = PBXFileReference; lastKnownFileType = sourcecode.swift; path = lesson_5_1Tests.swift; sourceTree = "<group>"; };
/* End PBXFileReference section */

/* Begin PBXFrameworksBuildPhase section */
		00C2B4141B2EEC4600FA25AA /* Frameworks */ = {
			isa = PBXFrameworksBuildPhase;
			buildActionMask = 2147483647;
			files = (
			);
			runOnlyForDeploymentPostprocessing = 0;
		};
		00C2B4291B2EEC4600FA25AA /* Frameworks */ = {
			isa = PBXFrameworksBuildPhase;
			buildActionMask = 2147483647;
			files = (
			);
			runOnlyForDeploymentPostprocessing = 0;
		};
/* End PBXFrameworksBuildPhase section */

/* Begin PBXGroup section */
		00C2B40E1B2EEC4600FA25AA = {
			isa = PBXGroup;
			children = (
				00C2B4191B2EEC4600FA25AA /* lesson 5-1 */,
				00C2B42F1B2EEC4600FA25AA /* lesson 5-1Tests */,
				00C2B4181B2EEC4600FA25AA /* Products */,
			);
			sourceTree = "<group>";
		};
		00C2B4181B2EEC4600FA25AA /* Products */ = {
			isa = PBXGroup;
			children = (
				00C2B4171B2EEC4600FA25AA /* lesson 5-1.app */,
				00C2B42C1B2EEC4600FA25AA /* lesson 5-1Tests.xctest */,
			);
			name = Products;
			sourceTree = "<group>";
		};
		00C2B4191B2EEC4600FA25AA /* lesson 5-1 */ = {
			isa = PBXGroup;
			children = (
				00C2B41C1B2EEC4600FA25AA /* AppDelegate.swift */,
				00C2B41E1B2EEC4600FA25AA /* ViewController.swift */,
				00C2B4201B2EEC4600FA25AA /* Main.storyboard */,
				00C2B4231B2EEC4600FA25AA /* Images.xcassets */,
				00C2B4251B2EEC4600FA25AA /* LaunchScreen.xib */,
				00C2B41A1B2EEC4600FA25AA /* Supporting Files */,
			);
			path = "lesson 5-1";
			sourceTree = "<group>";
		};
		00C2B41A1B2EEC4600FA25AA /* Supporting Files */ = {
			isa = PBXGroup;
			children = (
				00C2B41B1B2EEC4600FA25AA /* Info.plist */,
			);
			name = "Supporting Files";
			sourceTree = "<group>";
		};
		00C2B42F1B2EEC4600FA25AA /* lesson 5-1Tests */ = {
			isa = PBXGroup;
			children = (
				00C2B4321B2EEC4600FA25AA /* lesson_5_1Tests.swift */,
				00C2B4301B2EEC4600FA25AA /* Supporting Files */,
			);
			path = "lesson 5-1Tests";
			sourceTree = "<group>";
		};
		00C2B4301B2EEC4600FA25AA /* Supporting Files */ = {
			isa = PBXGroup;
			children = (
				00C2B4311B2EEC4600FA25AA /* Info.plist */,
			);
			name = "Supporting Files";
			sourceTree = "<group>";
		};
/* End PBXGroup section */

/* Begin PBXNativeTarget section */
		00C2B4161B2EEC4600FA25AA /* lesson 5-1 */ = {
			isa = PBXNativeTarget;
			buildConfigurationList = 00C2B4361B2EEC4600FA25AA /* Build configuration list for PBXNativeTarget "lesson 5-1" */;
			buildPhases = (
				00C2B4131B2EEC4600FA25AA /* Sources */,
				00C2B4141B2EEC4600FA25AA /* Frameworks */,
				00C2B4151B2EEC4600FA25AA /* Resources */,
			);
			buildRules = (
			);
			dependencies = (
			);
			name = "lesson 5-1";
			productName = "lesson 5-1";
			productReference = 00C2B4171B2EEC4600FA25AA /* lesson 5-1.app */;
			productType = "com.apple.product-type.application";
		};
		00C2B42B1B2EEC4600FA25AA /* lesson 5-1Tests */ = {
			isa = PBXNativeTarget;
			buildConfigurationList = 00C2B4391B2EEC4600FA25AA /* Build configuration list for PBXNativeTarget "lesson 5-1Tests" */;
			buildPhases = (
				00C2B4281B2EEC4600FA25AA /* Sources */,
				00C2B4291B2EEC4600FA25AA /* Frameworks */,
				00C2B42A1B2EEC4600FA25AA /* Resources */,
			);
			buildRules = (
			);
			dependencies = (
				00C2B42E1B2EEC4600FA25AA /* PBXTargetDependency */,
			);
			name = "lesson 5-1Tests";
			productName = "lesson 5-1Tests";
			productReference = 00C2B42C1B2EEC4600FA25AA /* lesson 5-1Tests.xctest */;
			productType = "com.apple.product-type.bundle.unit-test";
		};
/* End PBXNativeTarget section */

/* Begin PBXProject section */
		00C2B40F1B2EEC4600FA25AA /* Project object */ = {
			isa = PBXProject;
			attributes = {
				LastUpgradeCheck = 0630;
				ORGANIZATIONNAME = JEFFREY;
				TargetAttributes = {
					00C2B4161B2EEC4600FA25AA = {
						CreatedOnToolsVersion = 6.3.2;
					};
					00C2B42B1B2EEC4600FA25AA = {
						CreatedOnToolsVersion = 6.3.2;
						TestTargetID = 00C2B4161B2EEC4600FA25AA;
					};
				};
			};
			buildConfigurationList = 00C2B4121B2EEC4600FA25AA /* Build configuration list for PBXProject "lesson 5-1" */;
			compatibilityVersion = "Xcode 3.2";
			developmentRegion = English;
			hasScannedForEncodings = 0;
			knownRegions = (
				en,
				Base,
			);
			mainGroup = 00C2B40E1B2EEC4600FA25AA;
			productRefGroup = 00C2B4181B2EEC4600FA25AA /* Products */;
			projectDirPath = "";
			projectRoot = "";
			targets = (
				00C2B4161B2EEC4600FA25AA /* lesson 5-1 */,
				00C2B42B1B2EEC4600FA25AA /* lesson 5-1Tests */,
			);
		};
/* End PBXProject section */

/* Begin PBXResourcesBuildPhase section */
		00C2B4151B2EEC4600FA25AA /* Resources */ = {
			isa = PBXResourcesBuildPhase;
			buildActionMask = 2147483647;
			files = (
				00C2B4221B2EEC4600FA25AA /* Main.storyboard in Resources */,
				00C2B4271B2EEC4600FA25AA /* LaunchScreen.xib in Resources */,
				00C2B4241B2EEC4600FA25AA /* Images.xcassets in Resources */,
			);
			runOnlyForDeploymentPostprocessing = 0;
		};
		00C2B42A1B2EEC4600FA25AA /* Resources */ = {
			isa = PBXResourcesBuildPhase;
			buildActionMask = 2147483647;
			files = (
			);
			runOnlyForDeploymentPostprocessing = 0;
		};
/* End PBXResourcesBuildPhase section */

/* Begin PBXSourcesBuildPhase section */
		00C2B4131B2EEC4600FA25AA /* Sources */ = {
			isa = PBXSourcesBuildPhase;
			buildActionMask = 2147483647;
			files = (
				00C2B41F1B2EEC4600FA25AA /* ViewController.swift in Sources */,
				00C2B41D1B2EEC4600FA25AA /* AppDelegate.swift in Sources */,
			);
			runOnlyForDeploymentPostprocessing = 0;
		};
		00C2B4281B2EEC4600FA25AA /* Sources */ = {
			isa = PBXSourcesBuildPhase;
			buildActionMask = 2147483647;
			files = (
				00C2B4331B2EEC4600FA25AA /* lesson_5_1Tests.swift in Sources */,
			);
			runOnlyForDeploymentPostprocessing = 0;
		};
/* End PBXSourcesBuildPhase section */

/* Begin PBXTargetDependency section */
		00C2B42E1B2EEC4600FA25AA /* PBXTargetDependency */ = {
			isa = PBXTargetDependency;
			target = 00C2B4161B2EEC4600FA25AA /* lesson 5-1 */;
			targetProxy = 00C2B42D1B2EEC4600FA25AA /* PBXContainerItemProxy */;
		};
/* End PBXTargetDependency section */

/* Begin PBXVariantGroup section */
		00C2B4201B2EEC4600FA25AA /* Main.storyboard */ = {
			isa = PBXVariantGroup;
			children = (
				00C2B4211B2EEC4600FA25AA /* Base */,
			);
			name = Main.storyboard;
			sourceTree = "<group>";
		};
		00C2B4251B2EEC4600FA25AA /* LaunchScreen.xib */ = {
			isa = PBXVariantGroup;
			children = (
				00C2B4261B2EEC4600FA25AA /* Base */,
			);
			name = LaunchScreen.xib;
			sourceTree = "<group>";
		};
/* End PBXVariantGroup section */

/* Begin XCBuildConfiguration section */
		00C2B4341B2EEC4600FA25AA /* Debug */ = {
			isa = XCBuildConfiguration;
			buildSettings = {
				ALWAYS_SEARCH_USER_PATHS = NO;
				CLANG_CXX_LANGUAGE_STANDARD = "gnu++0x";
				CLANG_CXX_LIBRARY = "libc++";
				CLANG_ENABLE_MODULES = YES;
				CLANG_ENABLE_OBJC_ARC = YES;
				CLANG_WARN_BOOL_CONVERSION = YES;
				CLANG_WARN_CONSTANT_CONVERSION = YES;
				CLANG_WARN_DIRECT_OBJC_ISA_USAGE = YES_ERROR;
				CLANG_WARN_EMPTY_BODY = YES;
				CLANG_WARN_ENUM_CONVERSION = YES;
				CLANG_WARN_INT_CONVERSION = YES;
				CLANG_WARN_OBJC_ROOT_CLASS = YES_ERROR;
				CLANG_WARN_UNREACHABLE_CODE = YES;
				CLANG_WARN__DUPLICATE_METHOD_MATCH = YES;
				"CODE_SIGN_IDENTITY[sdk=iphoneos*]" = "iPhone Developer";
				COPY_PHASE_STRIP = NO;
				DEBUG_INFORMATION_FORMAT = "dwarf-with-dsym";
				ENABLE_STRICT_OBJC_MSGSEND = YES;
				GCC_C_LANGUAGE_STANDARD = gnu99;
				GCC_DYNAMIC_NO_PIC = NO;
				GCC_NO_COMMON_BLOCKS = YES;
				GCC_OPTIMIZATION_LEVEL = 0;
				GCC_PREPROCESSOR_DEFINITIONS = (
					"DEBUG=1",
					"$(inherited)",
				);
				GCC_SYMBOLS_PRIVATE_EXTERN = NO;
				GCC_WARN_64_TO_32_BIT_CONVERSION = YES;
				GCC_WARN_ABOUT_RETURN_TYPE = YES_ERROR;
				GCC_WARN_UNDECLARED_SELECTOR = YES;
				GCC_WARN_UNINITIALIZED_AUTOS = YES_AGGRESSIVE;
				GCC_WARN_UNUSED_FUNCTION = YES;
				GCC_WARN_UNUSED_VARIABLE = YES;
				IPHONEOS_DEPLOYMENT_TARGET = 8.3;
				MTL_ENABLE_DEBUG_INFO = YES;
				ONLY_ACTIVE_ARCH = YES;
				SDKROOT = iphoneos;
				SWIFT_OPTIMIZATION_LEVEL = "-Onone";
				TARGETED_DEVICE_FAMILY = "1,2";
			};
			name = Debug;
		};
		00C2B4351B2EEC4600FA25AA /* Release */ = {
			isa = XCBuildConfiguration;
			buildSettings = {
				ALWAYS_SEARCH_USER_PATHS = NO;
				CLANG_CXX_LANGUAGE_STANDARD = "gnu++0x";
				CLANG_CXX_LIBRARY = "libc++";
				CLANG_ENABLE_MODULES = YES;
				CLANG_ENABLE_OBJC_ARC = YES;
				CLANG_WARN_BOOL_CONVERSION = YES;
				CLANG_WARN_CONSTANT_CONVERSION = YES;
				CLANG_WARN_DIRECT_OBJC_ISA_USAGE = YES_ERROR;
				CLANG_WARN_EMPTY_BODY = YES;
				CLANG_WARN_ENUM_CONVERSION = YES;
				CLANG_WARN_INT_CONVERSION = YES;
				CLANG_WARN_OBJC_ROOT_CLASS = YES_ERROR;
				CLANG_WARN_UNREACHABLE_CODE = YES;
				CLANG_WARN__DUPLICATE_METHOD_MATCH = YES;
				"CODE_SIGN_IDENTITY[sdk=iphoneos*]" = "iPhone Developer";
				COPY_PHASE_STRIP = NO;
				DEBUG_INFORMATION_FORMAT = "dwarf-with-dsym";
				ENABLE_NS_ASSERTIONS = NO;
				ENABLE_STRICT_OBJC_MSGSEND = YES;
				GCC_C_LANGUAGE_STANDARD = gnu99;
				GCC_NO_COMMON_BLOCKS = YES;
				GCC_WARN_64_TO_32_BIT_CONVERSION = YES;
				GCC_WARN_ABOUT_RETURN_TYPE = YES_ERROR;
				GCC_WARN_UNDECLARED_SELECTOR = YES;
				GCC_WARN_UNINITIALIZED_AUTOS = YES_AGGRESSIVE;
				GCC_WARN_UNUSED_FUNCTION = YES;
				GCC_WARN_UNUSED_VARIABLE = YES;
				IPHONEOS_DEPLOYMENT_TARGET = 8.3;
				MTL_ENABLE_DEBUG_INFO = NO;
				SDKROOT = iphoneos;
				TARGETED_DEVICE_FAMILY = "1,2";
				VALIDATE_PRODUCT = YES;
			};
			name = Release;
		};
		00C2B4371B2EEC4600FA25AA /* Debug */ = {
			isa = XCBuildConfiguration;
			buildSettings = {
				ASSETCATALOG_COMPILER_APPICON_NAME = AppIcon;
				INFOPLIST_FILE = "lesson 5-1/Info.plist";
				LD_RUNPATH_SEARCH_PATHS = "$(inherited) @executable_path/Frameworks";
				PRODUCT_NAME = "$(TARGET_NAME)";
			};
			name = Debug;
		};
		00C2B4381B2EEC4600FA25AA /* Release */ = {
			isa = XCBuildConfiguration;
			buildSettings = {
				ASSETCATALOG_COMPILER_APPICON_NAME = AppIcon;
				INFOPLIST_FILE = "lesson 5-1/Info.plist";
				LD_RUNPATH_SEARCH_PATHS = "$(inherited) @executable_path/Frameworks";
				PRODUCT_NAME = "$(TARGET_NAME)";
			};
			name = Release;
		};
		00C2B43A1B2EEC4600FA25AA /* Debug */ = {
			isa = XCBuildConfiguration;
			buildSettings = {
				BUNDLE_LOADER = "$(TEST_HOST)";
				FRAMEWORK_SEARCH_PATHS = (
					"$(SDKROOT)/Developer/Library/Frameworks",
					"$(inherited)",
				);
				GCC_PREPROCESSOR_DEFINITIONS = (
					"DEBUG=1",
					"$(inherited)",
				);
				INFOPLIST_FILE = "lesson 5-1Tests/Info.plist";
				LD_RUNPATH_SEARCH_PATHS = "$(inherited) @executable_path/Frameworks @loader_path/Frameworks";
				PRODUCT_NAME = "$(TARGET_NAME)";
				TEST_HOST = "$(BUILT_PRODUCTS_DIR)/lesson 5-1.app/lesson 5-1";
			};
			name = Debug;
		};
		00C2B43B1B2EEC4600FA25AA /* Release */ = {
			isa = XCBuildConfiguration;
			buildSettings = {
				BUNDLE_LOADER = "$(TEST_HOST)";
				FRAMEWORK_SEARCH_PATHS = (
					"$(SDKROOT)/Developer/Library/Frameworks",
					"$(inherited)",
				);
				INFOPLIST_FILE = "lesson 5-1Tests/Info.plist";
				LD_RUNPATH_SEARCH_PATHS = "$(inherited) @executable_path/Frameworks @loader_path/Frameworks";
				PRODUCT_NAME = "$(TARGET_NAME)";
				TEST_HOST = "$(BUILT_PRODUCTS_DIR)/lesson 5-1.app/lesson 5-1";
			};
			name = Release;
		};
/* End XCBuildConfiguration section */

/* Begin XCConfigurationList section */
		00C2B4121B2EEC4600FA25AA /* Build configuration list for PBXProject "lesson 5-1" */ = {
			isa = XCConfigurationList;
			buildConfigurations = (
				00C2B4341B2EEC4600FA25AA /* Debug */,
				00C2B4351B2EEC4600FA25AA /* Release */,
			);
			defaultConfigurationIsVisible = 0;
			defaultConfigurationName = Release;
		};
		00C2B4361B2EEC4600FA25AA /* Build configuration list for PBXNativeTarget "lesson 5-1" */ = {
			isa = XCConfigurationList;
			buildConfigurations = (
				00C2B4371B2EEC4600FA25AA /* Debug */,
				00C2B4381B2EEC4600FA25AA /* Release */,
			);
			defaultConfigurationIsVisible = 0;
		};
		00C2B4391B2EEC4600FA25AA /* Build configuration list for PBXNativeTarget "lesson 5-1Tests" */ = {
			isa = XCConfigurationList;
			buildConfigurations = (
				00C2B43A1B2EEC4600FA25AA /* Debug */,
				00C2B43B1B2EEC4600FA25AA /* Release */,
			);
			defaultConfigurationIsVisible = 0;
		};
/* End XCConfigurationList section */
	};
	rootObject = 00C2B40F1B2EEC4600FA25AA /* Project object */;
}
