// !$*UTF8*$!
{
	archiveVersion = 1;
	classes = {
	};
	objectVersion = 46;
	objects = {

/* Begin PBXBuildFile section */
		005F69E71B28710500E205F8 /* AppDelegate.swift in Sources */ = {isa = PBXBuildFile; fileRef = 005F69E61B28710500E205F8 /* AppDelegate.swift */; };
		005F69E91B28710500E205F8 /* ViewController.swift in Sources */ = {isa = PBXBuildFile; fileRef = 005F69E81B28710500E205F8 /* ViewController.swift */; };
		005F69EC1B28710500E205F8 /* Main.storyboard in Resources */ = {isa = PBXBuildFile; fileRef = 005F69EA1B28710500E205F8 /* Main.storyboard */; };
		005F69EE1B28710500E205F8 /* Images.xcassets in Resources */ = {isa = PBXBuildFile; fileRef = 005F69ED1B28710500E205F8 /* Images.xcassets */; };
		005F69F11B28710500E205F8 /* LaunchScreen.xib in Resources */ = {isa = PBXBuildFile; fileRef = 005F69EF1B28710500E205F8 /* LaunchScreen.xib */; };
		005F69FD1B28710500E205F8 /* functionsTests.swift in Sources */ = {isa = PBXBuildFile; fileRef = 005F69FC1B28710500E205F8 /* functionsTests.swift */; };
/* End PBXBuildFile section */

/* Begin PBXContainerItemProxy section */
		005F69F71B28710500E205F8 /* PBXContainerItemProxy */ = {
			isa = PBXContainerItemProxy;
			containerPortal = 005F69D91B28710500E205F8 /* Project object */;
			proxyType = 1;
			remoteGlobalIDString = 005F69E01B28710500E205F8;
			remoteInfo = functions;
		};
/* End PBXContainerItemProxy section */

/* Begin PBXFileReference section */
		005F69E11B28710500E205F8 /* functions.app */ = {isa = PBXFileReference; explicitFileType = wrapper.application; includeInIndex = 0; path = functions.app; sourceTree = BUILT_PRODUCTS_DIR; };
		005F69E51B28710500E205F8 /* Info.plist */ = {isa = PBXFileReference; lastKnownFileType = text.plist.xml; path = Info.plist; sourceTree = "<group>"; };
		005F69E61B28710500E205F8 /* AppDelegate.swift */ = {isa = PBXFileReference; lastKnownFileType = sourcecode.swift; path = AppDelegate.swift; sourceTree = "<group>"; };
		005F69E81B28710500E205F8 /* ViewController.swift */ = {isa = PBXFileReference; lastKnownFileType = sourcecode.swift; path = ViewController.swift; sourceTree = "<group>"; };
		005F69EB1B28710500E205F8 /* Base */ = {isa = PBXFileReference; lastKnownFileType = file.storyboard; name = Base; path = Base.lproj/Main.storyboard; sourceTree = "<group>"; };
		005F69ED1B28710500E205F8 /* Images.xcassets */ = {isa = PBXFileReference; lastKnownFileType = folder.assetcatalog; path = Images.xcassets; sourceTree = "<group>"; };
		005F69F01B28710500E205F8 /* Base */ = {isa = PBXFileReference; lastKnownFileType = file.xib; name = Base; path = Base.lproj/LaunchScreen.xib; sourceTree = "<group>"; };
		005F69F61B28710500E205F8 /* functionsTests.xctest */ = {isa = PBXFileReference; explicitFileType = wrapper.cfbundle; includeInIndex = 0; path = functionsTests.xctest; sourceTree = BUILT_PRODUCTS_DIR; };
		005F69FB1B28710500E205F8 /* Info.plist */ = {isa = PBXFileReference; lastKnownFileType = text.plist.xml; path = Info.plist; sourceTree = "<group>"; };
		005F69FC1B28710500E205F8 /* functionsTests.swift */ = {isa = PBXFileReference; lastKnownFileType = sourcecode.swift; path = functionsTests.swift; sourceTree = "<group>"; };
/* End PBXFileReference section */

/* Begin PBXFrameworksBuildPhase section */
		005F69DE1B28710500E205F8 /* Frameworks */ = {
			isa = PBXFrameworksBuildPhase;
			buildActionMask = 2147483647;
			files = (
			);
			runOnlyForDeploymentPostprocessing = 0;
		};
		005F69F31B28710500E205F8 /* Frameworks */ = {
			isa = PBXFrameworksBuildPhase;
			buildActionMask = 2147483647;
			files = (
			);
			runOnlyForDeploymentPostprocessing = 0;
		};
/* End PBXFrameworksBuildPhase section */

/* Begin PBXGroup section */
		005F69D81B28710500E205F8 = {
			isa = PBXGroup;
			children = (
				005F69E31B28710500E205F8 /* functions */,
				005F69F91B28710500E205F8 /* functionsTests */,
				005F69E21B28710500E205F8 /* Products */,
			);
			sourceTree = "<group>";
		};
		005F69E21B28710500E205F8 /* Products */ = {
			isa = PBXGroup;
			children = (
				005F69E11B28710500E205F8 /* functions.app */,
				005F69F61B28710500E205F8 /* functionsTests.xctest */,
			);
			name = Products;
			sourceTree = "<group>";
		};
		005F69E31B28710500E205F8 /* functions */ = {
			isa = PBXGroup;
			children = (
				005F69E61B28710500E205F8 /* AppDelegate.swift */,
				005F69E81B28710500E205F8 /* ViewController.swift */,
				005F69EA1B28710500E205F8 /* Main.storyboard */,
				005F69ED1B28710500E205F8 /* Images.xcassets */,
				005F69EF1B28710500E205F8 /* LaunchScreen.xib */,
				005F69E41B28710500E205F8 /* Supporting Files */,
			);
			path = functions;
			sourceTree = "<group>";
		};
		005F69E41B28710500E205F8 /* Supporting Files */ = {
			isa = PBXGroup;
			children = (
				005F69E51B28710500E205F8 /* Info.plist */,
			);
			name = "Supporting Files";
			sourceTree = "<group>";
		};
		005F69F91B28710500E205F8 /* functionsTests */ = {
			isa = PBXGroup;
			children = (
				005F69FC1B28710500E205F8 /* functionsTests.swift */,
				005F69FA1B28710500E205F8 /* Supporting Files */,
			);
			path = functionsTests;
			sourceTree = "<group>";
		};
		005F69FA1B28710500E205F8 /* Supporting Files */ = {
			isa = PBXGroup;
			children = (
				005F69FB1B28710500E205F8 /* Info.plist */,
			);
			name = "Supporting Files";
			sourceTree = "<group>";
		};
/* End PBXGroup section */

/* Begin PBXNativeTarget section */
		005F69E01B28710500E205F8 /* functions */ = {
			isa = PBXNativeTarget;
			buildConfigurationList = 005F6A001B28710500E205F8 /* Build configuration list for PBXNativeTarget "functions" */;
			buildPhases = (
				005F69DD1B28710500E205F8 /* Sources */,
				005F69DE1B28710500E205F8 /* Frameworks */,
				005F69DF1B28710500E205F8 /* Resources */,
			);
			buildRules = (
			);
			dependencies = (
			);
			name = functions;
			productName = functions;
			productReference = 005F69E11B28710500E205F8 /* functions.app */;
			productType = "com.apple.product-type.application";
		};
		005F69F51B28710500E205F8 /* functionsTests */ = {
			isa = PBXNativeTarget;
			buildConfigurationList = 005F6A031B28710500E205F8 /* Build configuration list for PBXNativeTarget "functionsTests" */;
			buildPhases = (
				005F69F21B28710500E205F8 /* Sources */,
				005F69F31B28710500E205F8 /* Frameworks */,
				005F69F41B28710500E205F8 /* Resources */,
			);
			buildRules = (
			);
			dependencies = (
				005F69F81B28710500E205F8 /* PBXTargetDependency */,
			);
			name = functionsTests;
			productName = functionsTests;
			productReference = 005F69F61B28710500E205F8 /* functionsTests.xctest */;
			productType = "com.apple.product-type.bundle.unit-test";
		};
/* End PBXNativeTarget section */

/* Begin PBXProject section */
		005F69D91B28710500E205F8 /* Project object */ = {
			isa = PBXProject;
			attributes = {
				LastUpgradeCheck = 0630;
				ORGANIZATIONNAME = JEFFREY;
				TargetAttributes = {
					005F69E01B28710500E205F8 = {
						CreatedOnToolsVersion = 6.3.2;
					};
					005F69F51B28710500E205F8 = {
						CreatedOnToolsVersion = 6.3.2;
						TestTargetID = 005F69E01B28710500E205F8;
					};
				};
			};
			buildConfigurationList = 005F69DC1B28710500E205F8 /* Build configuration list for PBXProject "functions" */;
			compatibilityVersion = "Xcode 3.2";
			developmentRegion = English;
			hasScannedForEncodings = 0;
			knownRegions = (
				en,
				Base,
			);
			mainGroup = 005F69D81B28710500E205F8;
			productRefGroup = 005F69E21B28710500E205F8 /* Products */;
			projectDirPath = "";
			projectRoot = "";
			targets = (
				005F69E01B28710500E205F8 /* functions */,
				005F69F51B28710500E205F8 /* functionsTests */,
			);
		};
/* End PBXProject section */

/* Begin PBXResourcesBuildPhase section */
		005F69DF1B28710500E205F8 /* Resources */ = {
			isa = PBXResourcesBuildPhase;
			buildActionMask = 2147483647;
			files = (
				005F69EC1B28710500E205F8 /* Main.storyboard in Resources */,
				005F69F11B28710500E205F8 /* LaunchScreen.xib in Resources */,
				005F69EE1B28710500E205F8 /* Images.xcassets in Resources */,
			);
			runOnlyForDeploymentPostprocessing = 0;
		};
		005F69F41B28710500E205F8 /* Resources */ = {
			isa = PBXResourcesBuildPhase;
			buildActionMask = 2147483647;
			files = (
			);
			runOnlyForDeploymentPostprocessing = 0;
		};
/* End PBXResourcesBuildPhase section */

/* Begin PBXSourcesBuildPhase section */
		005F69DD1B28710500E205F8 /* Sources */ = {
			isa = PBXSourcesBuildPhase;
			buildActionMask = 2147483647;
			files = (
				005F69E91B28710500E205F8 /* ViewController.swift in Sources */,
				005F69E71B28710500E205F8 /* AppDelegate.swift in Sources */,
			);
			runOnlyForDeploymentPostprocessing = 0;
		};
		005F69F21B28710500E205F8 /* Sources */ = {
			isa = PBXSourcesBuildPhase;
			buildActionMask = 2147483647;
			files = (
				005F69FD1B28710500E205F8 /* functionsTests.swift in Sources */,
			);
			runOnlyForDeploymentPostprocessing = 0;
		};
/* End PBXSourcesBuildPhase section */

/* Begin PBXTargetDependency section */
		005F69F81B28710500E205F8 /* PBXTargetDependency */ = {
			isa = PBXTargetDependency;
			target = 005F69E01B28710500E205F8 /* functions */;
			targetProxy = 005F69F71B28710500E205F8 /* PBXContainerItemProxy */;
		};
/* End PBXTargetDependency section */

/* Begin PBXVariantGroup section */
		005F69EA1B28710500E205F8 /* Main.storyboard */ = {
			isa = PBXVariantGroup;
			children = (
				005F69EB1B28710500E205F8 /* Base */,
			);
			name = Main.storyboard;
			sourceTree = "<group>";
		};
		005F69EF1B28710500E205F8 /* LaunchScreen.xib */ = {
			isa = PBXVariantGroup;
			children = (
				005F69F01B28710500E205F8 /* Base */,
			);
			name = LaunchScreen.xib;
			sourceTree = "<group>";
		};
/* End PBXVariantGroup section */

/* Begin XCBuildConfiguration section */
		005F69FE1B28710500E205F8 /* Debug */ = {
			isa = XCBuildConfiguration;
			buildSettings = {
				ALWAYS_SEARCH_USER_PATHS = NO;
				CLANG_CXX_LANGUAGE_STANDARD = "gnu++0x";
				CLANG_CXX_LIBRARY = "libc++";
				CLANG_ENABLE_MODULES = YES;
				CLANG_ENABLE_OBJC_ARC = YES;
				CLANG_WARN_BOOL_CONVERSION = YES;
				CLANG_WARN_CONSTANT_CONVERSION = YES;
				CLANG_WARN_DIRECT_OBJC_ISA_USAGE = YES_ERROR;
				CLANG_WARN_EMPTY_BODY = YES;
				CLANG_WARN_ENUM_CONVERSION = YES;
				CLANG_WARN_INT_CONVERSION = YES;
				CLANG_WARN_OBJC_ROOT_CLASS = YES_ERROR;
				CLANG_WARN_UNREACHABLE_CODE = YES;
				CLANG_WARN__DUPLICATE_METHOD_MATCH = YES;
				"CODE_SIGN_IDENTITY[sdk=iphoneos*]" = "iPhone Developer";
				COPY_PHASE_STRIP = NO;
				DEBUG_INFORMATION_FORMAT = "dwarf-with-dsym";
				ENABLE_STRICT_OBJC_MSGSEND = YES;
				GCC_C_LANGUAGE_STANDARD = gnu99;
				GCC_DYNAMIC_NO_PIC = NO;
				GCC_NO_COMMON_BLOCKS = YES;
				GCC_OPTIMIZATION_LEVEL = 0;
				GCC_PREPROCESSOR_DEFINITIONS = (
					"DEBUG=1",
					"$(inherited)",
				);
				GCC_SYMBOLS_PRIVATE_EXTERN = NO;
				GCC_WARN_64_TO_32_BIT_CONVERSION = YES;
				GCC_WARN_ABOUT_RETURN_TYPE = YES_ERROR;
				GCC_WARN_UNDECLARED_SELECTOR = YES;
				GCC_WARN_UNINITIALIZED_AUTOS = YES_AGGRESSIVE;
				GCC_WARN_UNUSED_FUNCTION = YES;
				GCC_WARN_UNUSED_VARIABLE = YES;
				IPHONEOS_DEPLOYMENT_TARGET = 8.3;
				MTL_ENABLE_DEBUG_INFO = YES;
				ONLY_ACTIVE_ARCH = YES;
				SDKROOT = iphoneos;
				SWIFT_OPTIMIZATION_LEVEL = "-Onone";
				TARGETED_DEVICE_FAMILY = "1,2";
			};
			name = Debug;
		};
		005F69FF1B28710500E205F8 /* Release */ = {
			isa = XCBuildConfiguration;
			buildSettings = {
				ALWAYS_SEARCH_USER_PATHS = NO;
				CLANG_CXX_LANGUAGE_STANDARD = "gnu++0x";
				CLANG_CXX_LIBRARY = "libc++";
				CLANG_ENABLE_MODULES = YES;
				CLANG_ENABLE_OBJC_ARC = YES;
				CLANG_WARN_BOOL_CONVERSION = YES;
				CLANG_WARN_CONSTANT_CONVERSION = YES;
				CLANG_WARN_DIRECT_OBJC_ISA_USAGE = YES_ERROR;
				CLANG_WARN_EMPTY_BODY = YES;
				CLANG_WARN_ENUM_CONVERSION = YES;
				CLANG_WARN_INT_CONVERSION = YES;
				CLANG_WARN_OBJC_ROOT_CLASS = YES_ERROR;
				CLANG_WARN_UNREACHABLE_CODE = YES;
				CLANG_WARN__DUPLICATE_METHOD_MATCH = YES;
				"CODE_SIGN_IDENTITY[sdk=iphoneos*]" = "iPhone Developer";
				COPY_PHASE_STRIP = NO;
				DEBUG_INFORMATION_FORMAT = "dwarf-with-dsym";
				ENABLE_NS_ASSERTIONS = NO;
				ENABLE_STRICT_OBJC_MSGSEND = YES;
				GCC_C_LANGUAGE_STANDARD = gnu99;
				GCC_NO_COMMON_BLOCKS = YES;
				GCC_WARN_64_TO_32_BIT_CONVERSION = YES;
				GCC_WARN_ABOUT_RETURN_TYPE = YES_ERROR;
				GCC_WARN_UNDECLARED_SELECTOR = YES;
				GCC_WARN_UNINITIALIZED_AUTOS = YES_AGGRESSIVE;
				GCC_WARN_UNUSED_FUNCTION = YES;
				GCC_WARN_UNUSED_VARIABLE = YES;
				IPHONEOS_DEPLOYMENT_TARGET = 8.3;
				MTL_ENABLE_DEBUG_INFO = NO;
				SDKROOT = iphoneos;
				TARGETED_DEVICE_FAMILY = "1,2";
				VALIDATE_PRODUCT = YES;
			};
			name = Release;
		};
		005F6A011B28710500E205F8 /* Debug */ = {
			isa = XCBuildConfiguration;
			buildSettings = {
				ASSETCATALOG_COMPILER_APPICON_NAME = AppIcon;
				INFOPLIST_FILE = functions/Info.plist;
				LD_RUNPATH_SEARCH_PATHS = "$(inherited) @executable_path/Frameworks";
				PRODUCT_NAME = "$(TARGET_NAME)";
			};
			name = Debug;
		};
		005F6A021B28710500E205F8 /* Release */ = {
			isa = XCBuildConfiguration;
			buildSettings = {
				ASSETCATALOG_COMPILER_APPICON_NAME = AppIcon;
				INFOPLIST_FILE = functions/Info.plist;
				LD_RUNPATH_SEARCH_PATHS = "$(inherited) @executable_path/Frameworks";
				PRODUCT_NAME = "$(TARGET_NAME)";
			};
			name = Release;
		};
		005F6A041B28710500E205F8 /* Debug */ = {
			isa = XCBuildConfiguration;
			buildSettings = {
				BUNDLE_LOADER = "$(TEST_HOST)";
				FRAMEWORK_SEARCH_PATHS = (
					"$(SDKROOT)/Developer/Library/Frameworks",
					"$(inherited)",
				);
				GCC_PREPROCESSOR_DEFINITIONS = (
					"DEBUG=1",
					"$(inherited)",
				);
				INFOPLIST_FILE = functionsTests/Info.plist;
				LD_RUNPATH_SEARCH_PATHS = "$(inherited) @executable_path/Frameworks @loader_path/Frameworks";
				PRODUCT_NAME = "$(TARGET_NAME)";
				TEST_HOST = "$(BUILT_PRODUCTS_DIR)/functions.app/functions";
			};
			name = Debug;
		};
		005F6A051B28710500E205F8 /* Release */ = {
			isa = XCBuildConfiguration;
			buildSettings = {
				BUNDLE_LOADER = "$(TEST_HOST)";
				FRAMEWORK_SEARCH_PATHS = (
					"$(SDKROOT)/Developer/Library/Frameworks",
					"$(inherited)",
				);
				INFOPLIST_FILE = functionsTests/Info.plist;
				LD_RUNPATH_SEARCH_PATHS = "$(inherited) @executable_path/Frameworks @loader_path/Frameworks";
				PRODUCT_NAME = "$(TARGET_NAME)";
				TEST_HOST = "$(BUILT_PRODUCTS_DIR)/functions.app/functions";
			};
			name = Release;
		};
/* End XCBuildConfiguration section */

/* Begin XCConfigurationList section */
		005F69DC1B28710500E205F8 /* Build configuration list for PBXProject "functions" */ = {
			isa = XCConfigurationList;
			buildConfigurations = (
				005F69FE1B28710500E205F8 /* Debug */,
				005F69FF1B28710500E205F8 /* Release */,
			);
			defaultConfigurationIsVisible = 0;
			defaultConfigurationName = Release;
		};
		005F6A001B28710500E205F8 /* Build configuration list for PBXNativeTarget "functions" */ = {
			isa = XCConfigurationList;
			buildConfigurations = (
				005F6A011B28710500E205F8 /* Debug */,
				005F6A021B28710500E205F8 /* Release */,
			);
			defaultConfigurationIsVisible = 0;
		};
		005F6A031B28710500E205F8 /* Build configuration list for PBXNativeTarget "functionsTests" */ = {
			isa = XCConfigurationList;
			buildConfigurations = (
				005F6A041B28710500E205F8 /* Debug */,
				005F6A051B28710500E205F8 /* Release */,
			);
			defaultConfigurationIsVisible = 0;
		};
/* End XCConfigurationList section */
	};
	rootObject = 005F69D91B28710500E205F8 /* Project object */;
}
