// !$*UTF8*$!
{
	archiveVersion = 1;
	classes = {
	};
	objectVersion = 46;
	objects = {

/* Begin PBXBuildFile section */
		005576341B2697F70002672D /* AppDelegate.swift in Sources */ = {isa = PBXBuildFile; fileRef = 005576331B2697F70002672D /* AppDelegate.swift */; };
		005576361B2697F70002672D /* ViewController.swift in Sources */ = {isa = PBXBuildFile; fileRef = 005576351B2697F70002672D /* ViewController.swift */; };
		005576391B2697F70002672D /* Main.storyboard in Resources */ = {isa = PBXBuildFile; fileRef = 005576371B2697F70002672D /* Main.storyboard */; };
		0055763B1B2697F70002672D /* Images.xcassets in Resources */ = {isa = PBXBuildFile; fileRef = 0055763A1B2697F70002672D /* Images.xcassets */; };
		0055763E1B2697F70002672D /* LaunchScreen.xib in Resources */ = {isa = PBXBuildFile; fileRef = 0055763C1B2697F70002672D /* LaunchScreen.xib */; };
		0055764A1B2697F70002672D /* layoutexampleTests.swift in Sources */ = {isa = PBXBuildFile; fileRef = 005576491B2697F70002672D /* layoutexampleTests.swift */; };
/* End PBXBuildFile section */

/* Begin PBXContainerItemProxy section */
		005576441B2697F70002672D /* PBXContainerItemProxy */ = {
			isa = PBXContainerItemProxy;
			containerPortal = 005576261B2697F70002672D /* Project object */;
			proxyType = 1;
			remoteGlobalIDString = 0055762D1B2697F70002672D;
			remoteInfo = layoutexample;
		};
/* End PBXContainerItemProxy section */

/* Begin PBXFileReference section */
		0055762E1B2697F70002672D /* layoutexample.app */ = {isa = PBXFileReference; explicitFileType = wrapper.application; includeInIndex = 0; path = layoutexample.app; sourceTree = BUILT_PRODUCTS_DIR; };
		005576321B2697F70002672D /* Info.plist */ = {isa = PBXFileReference; lastKnownFileType = text.plist.xml; path = Info.plist; sourceTree = "<group>"; };
		005576331B2697F70002672D /* AppDelegate.swift */ = {isa = PBXFileReference; lastKnownFileType = sourcecode.swift; path = AppDelegate.swift; sourceTree = "<group>"; };
		005576351B2697F70002672D /* ViewController.swift */ = {isa = PBXFileReference; lastKnownFileType = sourcecode.swift; path = ViewController.swift; sourceTree = "<group>"; };
		005576381B2697F70002672D /* Base */ = {isa = PBXFileReference; lastKnownFileType = file.storyboard; name = Base; path = Base.lproj/Main.storyboard; sourceTree = "<group>"; };
		0055763A1B2697F70002672D /* Images.xcassets */ = {isa = PBXFileReference; lastKnownFileType = folder.assetcatalog; path = Images.xcassets; sourceTree = "<group>"; };
		0055763D1B2697F70002672D /* Base */ = {isa = PBXFileReference; lastKnownFileType = file.xib; name = Base; path = Base.lproj/LaunchScreen.xib; sourceTree = "<group>"; };
		005576431B2697F70002672D /* layoutexampleTests.xctest */ = {isa = PBXFileReference; explicitFileType = wrapper.cfbundle; includeInIndex = 0; path = layoutexampleTests.xctest; sourceTree = BUILT_PRODUCTS_DIR; };
		005576481B2697F70002672D /* Info.plist */ = {isa = PBXFileReference; lastKnownFileType = text.plist.xml; path = Info.plist; sourceTree = "<group>"; };
		005576491B2697F70002672D /* layoutexampleTests.swift */ = {isa = PBXFileReference; lastKnownFileType = sourcecode.swift; path = layoutexampleTests.swift; sourceTree = "<group>"; };
/* End PBXFileReference section */

/* Begin PBXFrameworksBuildPhase section */
		0055762B1B2697F70002672D /* Frameworks */ = {
			isa = PBXFrameworksBuildPhase;
			buildActionMask = 2147483647;
			files = (
			);
			runOnlyForDeploymentPostprocessing = 0;
		};
		005576401B2697F70002672D /* Frameworks */ = {
			isa = PBXFrameworksBuildPhase;
			buildActionMask = 2147483647;
			files = (
			);
			runOnlyForDeploymentPostprocessing = 0;
		};
/* End PBXFrameworksBuildPhase section */

/* Begin PBXGroup section */
		005576251B2697F70002672D = {
			isa = PBXGroup;
			children = (
				005576301B2697F70002672D /* layoutexample */,
				005576461B2697F70002672D /* layoutexampleTests */,
				0055762F1B2697F70002672D /* Products */,
			);
			sourceTree = "<group>";
		};
		0055762F1B2697F70002672D /* Products */ = {
			isa = PBXGroup;
			children = (
				0055762E1B2697F70002672D /* layoutexample.app */,
				005576431B2697F70002672D /* layoutexampleTests.xctest */,
			);
			name = Products;
			sourceTree = "<group>";
		};
		005576301B2697F70002672D /* layoutexample */ = {
			isa = PBXGroup;
			children = (
				005576331B2697F70002672D /* AppDelegate.swift */,
				005576351B2697F70002672D /* ViewController.swift */,
				005576371B2697F70002672D /* Main.storyboard */,
				0055763A1B2697F70002672D /* Images.xcassets */,
				0055763C1B2697F70002672D /* LaunchScreen.xib */,
				005576311B2697F70002672D /* Supporting Files */,
			);
			path = layoutexample;
			sourceTree = "<group>";
		};
		005576311B2697F70002672D /* Supporting Files */ = {
			isa = PBXGroup;
			children = (
				005576321B2697F70002672D /* Info.plist */,
			);
			name = "Supporting Files";
			sourceTree = "<group>";
		};
		005576461B2697F70002672D /* layoutexampleTests */ = {
			isa = PBXGroup;
			children = (
				005576491B2697F70002672D /* layoutexampleTests.swift */,
				005576471B2697F70002672D /* Supporting Files */,
			);
			path = layoutexampleTests;
			sourceTree = "<group>";
		};
		005576471B2697F70002672D /* Supporting Files */ = {
			isa = PBXGroup;
			children = (
				005576481B2697F70002672D /* Info.plist */,
			);
			name = "Supporting Files";
			sourceTree = "<group>";
		};
/* End PBXGroup section */

/* Begin PBXNativeTarget section */
		0055762D1B2697F70002672D /* layoutexample */ = {
			isa = PBXNativeTarget;
			buildConfigurationList = 0055764D1B2697F70002672D /* Build configuration list for PBXNativeTarget "layoutexample" */;
			buildPhases = (
				0055762A1B2697F70002672D /* Sources */,
				0055762B1B2697F70002672D /* Frameworks */,
				0055762C1B2697F70002672D /* Resources */,
			);
			buildRules = (
			);
			dependencies = (
			);
			name = layoutexample;
			productName = layoutexample;
			productReference = 0055762E1B2697F70002672D /* layoutexample.app */;
			productType = "com.apple.product-type.application";
		};
		005576421B2697F70002672D /* layoutexampleTests */ = {
			isa = PBXNativeTarget;
			buildConfigurationList = 005576501B2697F70002672D /* Build configuration list for PBXNativeTarget "layoutexampleTests" */;
			buildPhases = (
				0055763F1B2697F70002672D /* Sources */,
				005576401B2697F70002672D /* Frameworks */,
				005576411B2697F70002672D /* Resources */,
			);
			buildRules = (
			);
			dependencies = (
				005576451B2697F70002672D /* PBXTargetDependency */,
			);
			name = layoutexampleTests;
			productName = layoutexampleTests;
			productReference = 005576431B2697F70002672D /* layoutexampleTests.xctest */;
			productType = "com.apple.product-type.bundle.unit-test";
		};
/* End PBXNativeTarget section */

/* Begin PBXProject section */
		005576261B2697F70002672D /* Project object */ = {
			isa = PBXProject;
			attributes = {
				LastUpgradeCheck = 0630;
				ORGANIZATIONNAME = JEFFREY;
				TargetAttributes = {
					0055762D1B2697F70002672D = {
						CreatedOnToolsVersion = 6.3.2;
					};
					005576421B2697F70002672D = {
						CreatedOnToolsVersion = 6.3.2;
						TestTargetID = 0055762D1B2697F70002672D;
					};
				};
			};
			buildConfigurationList = 005576291B2697F70002672D /* Build configuration list for PBXProject "layoutexample" */;
			compatibilityVersion = "Xcode 3.2";
			developmentRegion = English;
			hasScannedForEncodings = 0;
			knownRegions = (
				en,
				Base,
			);
			mainGroup = 005576251B2697F70002672D;
			productRefGroup = 0055762F1B2697F70002672D /* Products */;
			projectDirPath = "";
			projectRoot = "";
			targets = (
				0055762D1B2697F70002672D /* layoutexample */,
				005576421B2697F70002672D /* layoutexampleTests */,
			);
		};
/* End PBXProject section */

/* Begin PBXResourcesBuildPhase section */
		0055762C1B2697F70002672D /* Resources */ = {
			isa = PBXResourcesBuildPhase;
			buildActionMask = 2147483647;
			files = (
				005576391B2697F70002672D /* Main.storyboard in Resources */,
				0055763E1B2697F70002672D /* LaunchScreen.xib in Resources */,
				0055763B1B2697F70002672D /* Images.xcassets in Resources */,
			);
			runOnlyForDeploymentPostprocessing = 0;
		};
		005576411B2697F70002672D /* Resources */ = {
			isa = PBXResourcesBuildPhase;
			buildActionMask = 2147483647;
			files = (
			);
			runOnlyForDeploymentPostprocessing = 0;
		};
/* End PBXResourcesBuildPhase section */

/* Begin PBXSourcesBuildPhase section */
		0055762A1B2697F70002672D /* Sources */ = {
			isa = PBXSourcesBuildPhase;
			buildActionMask = 2147483647;
			files = (
				005576361B2697F70002672D /* ViewController.swift in Sources */,
				005576341B2697F70002672D /* AppDelegate.swift in Sources */,
			);
			runOnlyForDeploymentPostprocessing = 0;
		};
		0055763F1B2697F70002672D /* Sources */ = {
			isa = PBXSourcesBuildPhase;
			buildActionMask = 2147483647;
			files = (
				0055764A1B2697F70002672D /* layoutexampleTests.swift in Sources */,
			);
			runOnlyForDeploymentPostprocessing = 0;
		};
/* End PBXSourcesBuildPhase section */

/* Begin PBXTargetDependency section */
		005576451B2697F70002672D /* PBXTargetDependency */ = {
			isa = PBXTargetDependency;
			target = 0055762D1B2697F70002672D /* layoutexample */;
			targetProxy = 005576441B2697F70002672D /* PBXContainerItemProxy */;
		};
/* End PBXTargetDependency section */

/* Begin PBXVariantGroup section */
		005576371B2697F70002672D /* Main.storyboard */ = {
			isa = PBXVariantGroup;
			children = (
				005576381B2697F70002672D /* Base */,
			);
			name = Main.storyboard;
			sourceTree = "<group>";
		};
		0055763C1B2697F70002672D /* LaunchScreen.xib */ = {
			isa = PBXVariantGroup;
			children = (
				0055763D1B2697F70002672D /* Base */,
			);
			name = LaunchScreen.xib;
			sourceTree = "<group>";
		};
/* End PBXVariantGroup section */

/* Begin XCBuildConfiguration section */
		0055764B1B2697F70002672D /* Debug */ = {
			isa = XCBuildConfiguration;
			buildSettings = {
				ALWAYS_SEARCH_USER_PATHS = NO;
				CLANG_CXX_LANGUAGE_STANDARD = "gnu++0x";
				CLANG_CXX_LIBRARY = "libc++";
				CLANG_ENABLE_MODULES = YES;
				CLANG_ENABLE_OBJC_ARC = YES;
				CLANG_WARN_BOOL_CONVERSION = YES;
				CLANG_WARN_CONSTANT_CONVERSION = YES;
				CLANG_WARN_DIRECT_OBJC_ISA_USAGE = YES_ERROR;
				CLANG_WARN_EMPTY_BODY = YES;
				CLANG_WARN_ENUM_CONVERSION = YES;
				CLANG_WARN_INT_CONVERSION = YES;
				CLANG_WARN_OBJC_ROOT_CLASS = YES_ERROR;
				CLANG_WARN_UNREACHABLE_CODE = YES;
				CLANG_WARN__DUPLICATE_METHOD_MATCH = YES;
				"CODE_SIGN_IDENTITY[sdk=iphoneos*]" = "iPhone Developer";
				COPY_PHASE_STRIP = NO;
				DEBUG_INFORMATION_FORMAT = "dwarf-with-dsym";
				ENABLE_STRICT_OBJC_MSGSEND = YES;
				GCC_C_LANGUAGE_STANDARD = gnu99;
				GCC_DYNAMIC_NO_PIC = NO;
				GCC_NO_COMMON_BLOCKS = YES;
				GCC_OPTIMIZATION_LEVEL = 0;
				GCC_PREPROCESSOR_DEFINITIONS = (
					"DEBUG=1",
					"$(inherited)",
				);
				GCC_SYMBOLS_PRIVATE_EXTERN = NO;
				GCC_WARN_64_TO_32_BIT_CONVERSION = YES;
				GCC_WARN_ABOUT_RETURN_TYPE = YES_ERROR;
				GCC_WARN_UNDECLARED_SELECTOR = YES;
				GCC_WARN_UNINITIALIZED_AUTOS = YES_AGGRESSIVE;
				GCC_WARN_UNUSED_FUNCTION = YES;
				GCC_WARN_UNUSED_VARIABLE = YES;
				IPHONEOS_DEPLOYMENT_TARGET = 8.3;
				MTL_ENABLE_DEBUG_INFO = YES;
				ONLY_ACTIVE_ARCH = YES;
				SDKROOT = iphoneos;
				SWIFT_OPTIMIZATION_LEVEL = "-Onone";
				TARGETED_DEVICE_FAMILY = "1,2";
			};
			name = Debug;
		};
		0055764C1B2697F70002672D /* Release */ = {
			isa = XCBuildConfiguration;
			buildSettings = {
				ALWAYS_SEARCH_USER_PATHS = NO;
				CLANG_CXX_LANGUAGE_STANDARD = "gnu++0x";
				CLANG_CXX_LIBRARY = "libc++";
				CLANG_ENABLE_MODULES = YES;
				CLANG_ENABLE_OBJC_ARC = YES;
				CLANG_WARN_BOOL_CONVERSION = YES;
				CLANG_WARN_CONSTANT_CONVERSION = YES;
				CLANG_WARN_DIRECT_OBJC_ISA_USAGE = YES_ERROR;
				CLANG_WARN_EMPTY_BODY = YES;
				CLANG_WARN_ENUM_CONVERSION = YES;
				CLANG_WARN_INT_CONVERSION = YES;
				CLANG_WARN_OBJC_ROOT_CLASS = YES_ERROR;
				CLANG_WARN_UNREACHABLE_CODE = YES;
				CLANG_WARN__DUPLICATE_METHOD_MATCH = YES;
				"CODE_SIGN_IDENTITY[sdk=iphoneos*]" = "iPhone Developer";
				COPY_PHASE_STRIP = NO;
				DEBUG_INFORMATION_FORMAT = "dwarf-with-dsym";
				ENABLE_NS_ASSERTIONS = NO;
				ENABLE_STRICT_OBJC_MSGSEND = YES;
				GCC_C_LANGUAGE_STANDARD = gnu99;
				GCC_NO_COMMON_BLOCKS = YES;
				GCC_WARN_64_TO_32_BIT_CONVERSION = YES;
				GCC_WARN_ABOUT_RETURN_TYPE = YES_ERROR;
				GCC_WARN_UNDECLARED_SELECTOR = YES;
				GCC_WARN_UNINITIALIZED_AUTOS = YES_AGGRESSIVE;
				GCC_WARN_UNUSED_FUNCTION = YES;
				GCC_WARN_UNUSED_VARIABLE = YES;
				IPHONEOS_DEPLOYMENT_TARGET = 8.3;
				MTL_ENABLE_DEBUG_INFO = NO;
				SDKROOT = iphoneos;
				TARGETED_DEVICE_FAMILY = "1,2";
				VALIDATE_PRODUCT = YES;
			};
			name = Release;
		};
		0055764E1B2697F70002672D /* Debug */ = {
			isa = XCBuildConfiguration;
			buildSettings = {
				ASSETCATALOG_COMPILER_APPICON_NAME = AppIcon;
				INFOPLIST_FILE = layoutexample/Info.plist;
				LD_RUNPATH_SEARCH_PATHS = "$(inherited) @executable_path/Frameworks";
				PRODUCT_NAME = "$(TARGET_NAME)";
			};
			name = Debug;
		};
		0055764F1B2697F70002672D /* Release */ = {
			isa = XCBuildConfiguration;
			buildSettings = {
				ASSETCATALOG_COMPILER_APPICON_NAME = AppIcon;
				INFOPLIST_FILE = layoutexample/Info.plist;
				LD_RUNPATH_SEARCH_PATHS = "$(inherited) @executable_path/Frameworks";
				PRODUCT_NAME = "$(TARGET_NAME)";
			};
			name = Release;
		};
		005576511B2697F70002672D /* Debug */ = {
			isa = XCBuildConfiguration;
			buildSettings = {
				BUNDLE_LOADER = "$(TEST_HOST)";
				FRAMEWORK_SEARCH_PATHS = (
					"$(SDKROOT)/Developer/Library/Frameworks",
					"$(inherited)",
				);
				GCC_PREPROCESSOR_DEFINITIONS = (
					"DEBUG=1",
					"$(inherited)",
				);
				INFOPLIST_FILE = layoutexampleTests/Info.plist;
				LD_RUNPATH_SEARCH_PATHS = "$(inherited) @executable_path/Frameworks @loader_path/Frameworks";
				PRODUCT_NAME = "$(TARGET_NAME)";
				TEST_HOST = "$(BUILT_PRODUCTS_DIR)/layoutexample.app/layoutexample";
			};
			name = Debug;
		};
		005576521B2697F70002672D /* Release */ = {
			isa = XCBuildConfiguration;
			buildSettings = {
				BUNDLE_LOADER = "$(TEST_HOST)";
				FRAMEWORK_SEARCH_PATHS = (
					"$(SDKROOT)/Developer/Library/Frameworks",
					"$(inherited)",
				);
				INFOPLIST_FILE = layoutexampleTests/Info.plist;
				LD_RUNPATH_SEARCH_PATHS = "$(inherited) @executable_path/Frameworks @loader_path/Frameworks";
				PRODUCT_NAME = "$(TARGET_NAME)";
				TEST_HOST = "$(BUILT_PRODUCTS_DIR)/layoutexample.app/layoutexample";
			};
			name = Release;
		};
/* End XCBuildConfiguration section */

/* Begin XCConfigurationList section */
		005576291B2697F70002672D /* Build configuration list for PBXProject "layoutexample" */ = {
			isa = XCConfigurationList;
			buildConfigurations = (
				0055764B1B2697F70002672D /* Debug */,
				0055764C1B2697F70002672D /* Release */,
			);
			defaultConfigurationIsVisible = 0;
			defaultConfigurationName = Release;
		};
		0055764D1B2697F70002672D /* Build configuration list for PBXNativeTarget "layoutexample" */ = {
			isa = XCConfigurationList;
			buildConfigurations = (
				0055764E1B2697F70002672D /* Debug */,
				0055764F1B2697F70002672D /* Release */,
			);
			defaultConfigurationIsVisible = 0;
		};
		005576501B2697F70002672D /* Build configuration list for PBXNativeTarget "layoutexampleTests" */ = {
			isa = XCConfigurationList;
			buildConfigurations = (
				005576511B2697F70002672D /* Debug */,
				005576521B2697F70002672D /* Release */,
			);
			defaultConfigurationIsVisible = 0;
		};
/* End XCConfigurationList section */
	};
	rootObject = 005576261B2697F70002672D /* Project object */;
}
