// !$*UTF8*$!
{
	archiveVersion = 1;
	classes = {
	};
	objectVersion = 46;
	objects = {

/* Begin PBXBuildFile section */
		005576621B26AE340002672D /* AppDelegate.swift in Sources */ = {isa = PBXBuildFile; fileRef = 005576611B26AE340002672D /* AppDelegate.swift */; };
		005576641B26AE340002672D /* ViewController.swift in Sources */ = {isa = PBXBuildFile; fileRef = 005576631B26AE340002672D /* ViewController.swift */; };
		005576671B26AE340002672D /* Main.storyboard in Resources */ = {isa = PBXBuildFile; fileRef = 005576651B26AE340002672D /* Main.storyboard */; };
		005576691B26AE340002672D /* Images.xcassets in Resources */ = {isa = PBXBuildFile; fileRef = 005576681B26AE340002672D /* Images.xcassets */; };
		0055766C1B26AE340002672D /* LaunchScreen.xib in Resources */ = {isa = PBXBuildFile; fileRef = 0055766A1B26AE340002672D /* LaunchScreen.xib */; };
		005576781B26AE340002672D /* background_image_and_log_inTests.swift in Sources */ = {isa = PBXBuildFile; fileRef = 005576771B26AE340002672D /* background_image_and_log_inTests.swift */; };
/* End PBXBuildFile section */

/* Begin PBXContainerItemProxy section */
		005576721B26AE340002672D /* PBXContainerItemProxy */ = {
			isa = PBXContainerItemProxy;
			containerPortal = 005576541B26AE340002672D /* Project object */;
			proxyType = 1;
			remoteGlobalIDString = 0055765B1B26AE340002672D;
			remoteInfo = "background image and log in";
		};
/* End PBXContainerItemProxy section */

/* Begin PBXFileReference section */
		0055765C1B26AE340002672D /* background image and log in.app */ = {isa = PBXFileReference; explicitFileType = wrapper.application; includeInIndex = 0; path = "background image and log in.app"; sourceTree = BUILT_PRODUCTS_DIR; };
		005576601B26AE340002672D /* Info.plist */ = {isa = PBXFileReference; lastKnownFileType = text.plist.xml; path = Info.plist; sourceTree = "<group>"; };
		005576611B26AE340002672D /* AppDelegate.swift */ = {isa = PBXFileReference; lastKnownFileType = sourcecode.swift; path = AppDelegate.swift; sourceTree = "<group>"; };
		005576631B26AE340002672D /* ViewController.swift */ = {isa = PBXFileReference; lastKnownFileType = sourcecode.swift; path = ViewController.swift; sourceTree = "<group>"; };
		005576661B26AE340002672D /* Base */ = {isa = PBXFileReference; lastKnownFileType = file.storyboard; name = Base; path = Base.lproj/Main.storyboard; sourceTree = "<group>"; };
		005576681B26AE340002672D /* Images.xcassets */ = {isa = PBXFileReference; lastKnownFileType = folder.assetcatalog; path = Images.xcassets; sourceTree = "<group>"; };
		0055766B1B26AE340002672D /* Base */ = {isa = PBXFileReference; lastKnownFileType = file.xib; name = Base; path = Base.lproj/LaunchScreen.xib; sourceTree = "<group>"; };
		005576711B26AE340002672D /* background image and log inTests.xctest */ = {isa = PBXFileReference; explicitFileType = wrapper.cfbundle; includeInIndex = 0; path = "background image and log inTests.xctest"; sourceTree = BUILT_PRODUCTS_DIR; };
		005576761B26AE340002672D /* Info.plist */ = {isa = PBXFileReference; lastKnownFileType = text.plist.xml; path = Info.plist; sourceTree = "<group>"; };
		005576771B26AE340002672D /* background_image_and_log_inTests.swift */ = {isa = PBXFileReference; lastKnownFileType = sourcecode.swift; path = background_image_and_log_inTests.swift; sourceTree = "<group>"; };
/* End PBXFileReference section */

/* Begin PBXFrameworksBuildPhase section */
		005576591B26AE340002672D /* Frameworks */ = {
			isa = PBXFrameworksBuildPhase;
			buildActionMask = 2147483647;
			files = (
			);
			runOnlyForDeploymentPostprocessing = 0;
		};
		0055766E1B26AE340002672D /* Frameworks */ = {
			isa = PBXFrameworksBuildPhase;
			buildActionMask = 2147483647;
			files = (
			);
			runOnlyForDeploymentPostprocessing = 0;
		};
/* End PBXFrameworksBuildPhase section */

/* Begin PBXGroup section */
		005576531B26AE340002672D = {
			isa = PBXGroup;
			children = (
				0055765E1B26AE340002672D /* background image and log in */,
				005576741B26AE340002672D /* background image and log inTests */,
				0055765D1B26AE340002672D /* Products */,
			);
			sourceTree = "<group>";
		};
		0055765D1B26AE340002672D /* Products */ = {
			isa = PBXGroup;
			children = (
				0055765C1B26AE340002672D /* background image and log in.app */,
				005576711B26AE340002672D /* background image and log inTests.xctest */,
			);
			name = Products;
			sourceTree = "<group>";
		};
		0055765E1B26AE340002672D /* background image and log in */ = {
			isa = PBXGroup;
			children = (
				005576611B26AE340002672D /* AppDelegate.swift */,
				005576631B26AE340002672D /* ViewController.swift */,
				005576651B26AE340002672D /* Main.storyboard */,
				005576681B26AE340002672D /* Images.xcassets */,
				0055766A1B26AE340002672D /* LaunchScreen.xib */,
				0055765F1B26AE340002672D /* Supporting Files */,
			);
			path = "background image and log in";
			sourceTree = "<group>";
		};
		0055765F1B26AE340002672D /* Supporting Files */ = {
			isa = PBXGroup;
			children = (
				005576601B26AE340002672D /* Info.plist */,
			);
			name = "Supporting Files";
			sourceTree = "<group>";
		};
		005576741B26AE340002672D /* background image and log inTests */ = {
			isa = PBXGroup;
			children = (
				005576771B26AE340002672D /* background_image_and_log_inTests.swift */,
				005576751B26AE340002672D /* Supporting Files */,
			);
			path = "background image and log inTests";
			sourceTree = "<group>";
		};
		005576751B26AE340002672D /* Supporting Files */ = {
			isa = PBXGroup;
			children = (
				005576761B26AE340002672D /* Info.plist */,
			);
			name = "Supporting Files";
			sourceTree = "<group>";
		};
/* End PBXGroup section */

/* Begin PBXNativeTarget section */
		0055765B1B26AE340002672D /* background image and log in */ = {
			isa = PBXNativeTarget;
			buildConfigurationList = 0055767B1B26AE340002672D /* Build configuration list for PBXNativeTarget "background image and log in" */;
			buildPhases = (
				005576581B26AE340002672D /* Sources */,
				005576591B26AE340002672D /* Frameworks */,
				0055765A1B26AE340002672D /* Resources */,
			);
			buildRules = (
			);
			dependencies = (
			);
			name = "background image and log in";
			productName = "background image and log in";
			productReference = 0055765C1B26AE340002672D /* background image and log in.app */;
			productType = "com.apple.product-type.application";
		};
		005576701B26AE340002672D /* background image and log inTests */ = {
			isa = PBXNativeTarget;
			buildConfigurationList = 0055767E1B26AE340002672D /* Build configuration list for PBXNativeTarget "background image and log inTests" */;
			buildPhases = (
				0055766D1B26AE340002672D /* Sources */,
				0055766E1B26AE340002672D /* Frameworks */,
				0055766F1B26AE340002672D /* Resources */,
			);
			buildRules = (
			);
			dependencies = (
				005576731B26AE340002672D /* PBXTargetDependency */,
			);
			name = "background image and log inTests";
			productName = "background image and log inTests";
			productReference = 005576711B26AE340002672D /* background image and log inTests.xctest */;
			productType = "com.apple.product-type.bundle.unit-test";
		};
/* End PBXNativeTarget section */

/* Begin PBXProject section */
		005576541B26AE340002672D /* Project object */ = {
			isa = PBXProject;
			attributes = {
				LastUpgradeCheck = 0630;
				ORGANIZATIONNAME = JEFFREY;
				TargetAttributes = {
					0055765B1B26AE340002672D = {
						CreatedOnToolsVersion = 6.3.2;
					};
					005576701B26AE340002672D = {
						CreatedOnToolsVersion = 6.3.2;
						TestTargetID = 0055765B1B26AE340002672D;
					};
				};
			};
			buildConfigurationList = 005576571B26AE340002672D /* Build configuration list for PBXProject "background image and log in" */;
			compatibilityVersion = "Xcode 3.2";
			developmentRegion = English;
			hasScannedForEncodings = 0;
			knownRegions = (
				en,
				Base,
			);
			mainGroup = 005576531B26AE340002672D;
			productRefGroup = 0055765D1B26AE340002672D /* Products */;
			projectDirPath = "";
			projectRoot = "";
			targets = (
				0055765B1B26AE340002672D /* background image and log in */,
				005576701B26AE340002672D /* background image and log inTests */,
			);
		};
/* End PBXProject section */

/* Begin PBXResourcesBuildPhase section */
		0055765A1B26AE340002672D /* Resources */ = {
			isa = PBXResourcesBuildPhase;
			buildActionMask = 2147483647;
			files = (
				005576671B26AE340002672D /* Main.storyboard in Resources */,
				0055766C1B26AE340002672D /* LaunchScreen.xib in Resources */,
				005576691B26AE340002672D /* Images.xcassets in Resources */,
			);
			runOnlyForDeploymentPostprocessing = 0;
		};
		0055766F1B26AE340002672D /* Resources */ = {
			isa = PBXResourcesBuildPhase;
			buildActionMask = 2147483647;
			files = (
			);
			runOnlyForDeploymentPostprocessing = 0;
		};
/* End PBXResourcesBuildPhase section */

/* Begin PBXSourcesBuildPhase section */
		005576581B26AE340002672D /* Sources */ = {
			isa = PBXSourcesBuildPhase;
			buildActionMask = 2147483647;
			files = (
				005576641B26AE340002672D /* ViewController.swift in Sources */,
				005576621B26AE340002672D /* AppDelegate.swift in Sources */,
			);
			runOnlyForDeploymentPostprocessing = 0;
		};
		0055766D1B26AE340002672D /* Sources */ = {
			isa = PBXSourcesBuildPhase;
			buildActionMask = 2147483647;
			files = (
				005576781B26AE340002672D /* background_image_and_log_inTests.swift in Sources */,
			);
			runOnlyForDeploymentPostprocessing = 0;
		};
/* End PBXSourcesBuildPhase section */

/* Begin PBXTargetDependency section */
		005576731B26AE340002672D /* PBXTargetDependency */ = {
			isa = PBXTargetDependency;
			target = 0055765B1B26AE340002672D /* background image and log in */;
			targetProxy = 005576721B26AE340002672D /* PBXContainerItemProxy */;
		};
/* End PBXTargetDependency section */

/* Begin PBXVariantGroup section */
		005576651B26AE340002672D /* Main.storyboard */ = {
			isa = PBXVariantGroup;
			children = (
				005576661B26AE340002672D /* Base */,
			);
			name = Main.storyboard;
			sourceTree = "<group>";
		};
		0055766A1B26AE340002672D /* LaunchScreen.xib */ = {
			isa = PBXVariantGroup;
			children = (
				0055766B1B26AE340002672D /* Base */,
			);
			name = LaunchScreen.xib;
			sourceTree = "<group>";
		};
/* End PBXVariantGroup section */

/* Begin XCBuildConfiguration section */
		005576791B26AE340002672D /* Debug */ = {
			isa = XCBuildConfiguration;
			buildSettings = {
				ALWAYS_SEARCH_USER_PATHS = NO;
				CLANG_CXX_LANGUAGE_STANDARD = "gnu++0x";
				CLANG_CXX_LIBRARY = "libc++";
				CLANG_ENABLE_MODULES = YES;
				CLANG_ENABLE_OBJC_ARC = YES;
				CLANG_WARN_BOOL_CONVERSION = YES;
				CLANG_WARN_CONSTANT_CONVERSION = YES;
				CLANG_WARN_DIRECT_OBJC_ISA_USAGE = YES_ERROR;
				CLANG_WARN_EMPTY_BODY = YES;
				CLANG_WARN_ENUM_CONVERSION = YES;
				CLANG_WARN_INT_CONVERSION = YES;
				CLANG_WARN_OBJC_ROOT_CLASS = YES_ERROR;
				CLANG_WARN_UNREACHABLE_CODE = YES;
				CLANG_WARN__DUPLICATE_METHOD_MATCH = YES;
				"CODE_SIGN_IDENTITY[sdk=iphoneos*]" = "iPhone Developer";
				COPY_PHASE_STRIP = NO;
				DEBUG_INFORMATION_FORMAT = "dwarf-with-dsym";
				ENABLE_STRICT_OBJC_MSGSEND = YES;
				GCC_C_LANGUAGE_STANDARD = gnu99;
				GCC_DYNAMIC_NO_PIC = NO;
				GCC_NO_COMMON_BLOCKS = YES;
				GCC_OPTIMIZATION_LEVEL = 0;
				GCC_PREPROCESSOR_DEFINITIONS = (
					"DEBUG=1",
					"$(inherited)",
				);
				GCC_SYMBOLS_PRIVATE_EXTERN = NO;
				GCC_WARN_64_TO_32_BIT_CONVERSION = YES;
				GCC_WARN_ABOUT_RETURN_TYPE = YES_ERROR;
				GCC_WARN_UNDECLARED_SELECTOR = YES;
				GCC_WARN_UNINITIALIZED_AUTOS = YES_AGGRESSIVE;
				GCC_WARN_UNUSED_FUNCTION = YES;
				GCC_WARN_UNUSED_VARIABLE = YES;
				IPHONEOS_DEPLOYMENT_TARGET = 8.3;
				MTL_ENABLE_DEBUG_INFO = YES;
				ONLY_ACTIVE_ARCH = YES;
				SDKROOT = iphoneos;
				SWIFT_OPTIMIZATION_LEVEL = "-Onone";
				TARGETED_DEVICE_FAMILY = "1,2";
			};
			name = Debug;
		};
		0055767A1B26AE340002672D /* Release */ = {
			isa = XCBuildConfiguration;
			buildSettings = {
				ALWAYS_SEARCH_USER_PATHS = NO;
				CLANG_CXX_LANGUAGE_STANDARD = "gnu++0x";
				CLANG_CXX_LIBRARY = "libc++";
				CLANG_ENABLE_MODULES = YES;
				CLANG_ENABLE_OBJC_ARC = YES;
				CLANG_WARN_BOOL_CONVERSION = YES;
				CLANG_WARN_CONSTANT_CONVERSION = YES;
				CLANG_WARN_DIRECT_OBJC_ISA_USAGE = YES_ERROR;
				CLANG_WARN_EMPTY_BODY = YES;
				CLANG_WARN_ENUM_CONVERSION = YES;
				CLANG_WARN_INT_CONVERSION = YES;
				CLANG_WARN_OBJC_ROOT_CLASS = YES_ERROR;
				CLANG_WARN_UNREACHABLE_CODE = YES;
				CLANG_WARN__DUPLICATE_METHOD_MATCH = YES;
				"CODE_SIGN_IDENTITY[sdk=iphoneos*]" = "iPhone Developer";
				COPY_PHASE_STRIP = NO;
				DEBUG_INFORMATION_FORMAT = "dwarf-with-dsym";
				ENABLE_NS_ASSERTIONS = NO;
				ENABLE_STRICT_OBJC_MSGSEND = YES;
				GCC_C_LANGUAGE_STANDARD = gnu99;
				GCC_NO_COMMON_BLOCKS = YES;
				GCC_WARN_64_TO_32_BIT_CONVERSION = YES;
				GCC_WARN_ABOUT_RETURN_TYPE = YES_ERROR;
				GCC_WARN_UNDECLARED_SELECTOR = YES;
				GCC_WARN_UNINITIALIZED_AUTOS = YES_AGGRESSIVE;
				GCC_WARN_UNUSED_FUNCTION = YES;
				GCC_WARN_UNUSED_VARIABLE = YES;
				IPHONEOS_DEPLOYMENT_TARGET = 8.3;
				MTL_ENABLE_DEBUG_INFO = NO;
				SDKROOT = iphoneos;
				TARGETED_DEVICE_FAMILY = "1,2";
				VALIDATE_PRODUCT = YES;
			};
			name = Release;
		};
		0055767C1B26AE340002672D /* Debug */ = {
			isa = XCBuildConfiguration;
			buildSettings = {
				ASSETCATALOG_COMPILER_APPICON_NAME = AppIcon;
				INFOPLIST_FILE = "background image and log in/Info.plist";
				LD_RUNPATH_SEARCH_PATHS = "$(inherited) @executable_path/Frameworks";
				PRODUCT_NAME = "$(TARGET_NAME)";
			};
			name = Debug;
		};
		0055767D1B26AE340002672D /* Release */ = {
			isa = XCBuildConfiguration;
			buildSettings = {
				ASSETCATALOG_COMPILER_APPICON_NAME = AppIcon;
				INFOPLIST_FILE = "background image and log in/Info.plist";
				LD_RUNPATH_SEARCH_PATHS = "$(inherited) @executable_path/Frameworks";
				PRODUCT_NAME = "$(TARGET_NAME)";
			};
			name = Release;
		};
		0055767F1B26AE340002672D /* Debug */ = {
			isa = XCBuildConfiguration;
			buildSettings = {
				BUNDLE_LOADER = "$(TEST_HOST)";
				FRAMEWORK_SEARCH_PATHS = (
					"$(SDKROOT)/Developer/Library/Frameworks",
					"$(inherited)",
				);
				GCC_PREPROCESSOR_DEFINITIONS = (
					"DEBUG=1",
					"$(inherited)",
				);
				INFOPLIST_FILE = "background image and log inTests/Info.plist";
				LD_RUNPATH_SEARCH_PATHS = "$(inherited) @executable_path/Frameworks @loader_path/Frameworks";
				PRODUCT_NAME = "$(TARGET_NAME)";
				TEST_HOST = "$(BUILT_PRODUCTS_DIR)/background image and log in.app/background image and log in";
			};
			name = Debug;
		};
		005576801B26AE340002672D /* Release */ = {
			isa = XCBuildConfiguration;
			buildSettings = {
				BUNDLE_LOADER = "$(TEST_HOST)";
				FRAMEWORK_SEARCH_PATHS = (
					"$(SDKROOT)/Developer/Library/Frameworks",
					"$(inherited)",
				);
				INFOPLIST_FILE = "background image and log inTests/Info.plist";
				LD_RUNPATH_SEARCH_PATHS = "$(inherited) @executable_path/Frameworks @loader_path/Frameworks";
				PRODUCT_NAME = "$(TARGET_NAME)";
				TEST_HOST = "$(BUILT_PRODUCTS_DIR)/background image and log in.app/background image and log in";
			};
			name = Release;
		};
/* End XCBuildConfiguration section */

/* Begin XCConfigurationList section */
		005576571B26AE340002672D /* Build configuration list for PBXProject "background image and log in" */ = {
			isa = XCConfigurationList;
			buildConfigurations = (
				005576791B26AE340002672D /* Debug */,
				0055767A1B26AE340002672D /* Release */,
			);
			defaultConfigurationIsVisible = 0;
			defaultConfigurationName = Release;
		};
		0055767B1B26AE340002672D /* Build configuration list for PBXNativeTarget "background image and log in" */ = {
			isa = XCConfigurationList;
			buildConfigurations = (
				0055767C1B26AE340002672D /* Debug */,
				0055767D1B26AE340002672D /* Release */,
			);
			defaultConfigurationIsVisible = 0;
		};
		0055767E1B26AE340002672D /* Build configuration list for PBXNativeTarget "background image and log inTests" */ = {
			isa = XCConfigurationList;
			buildConfigurations = (
				0055767F1B26AE340002672D /* Debug */,
				005576801B26AE340002672D /* Release */,
			);
			defaultConfigurationIsVisible = 0;
		};
/* End XCConfigurationList section */
	};
	rootObject = 005576541B26AE340002672D /* Project object */;
}
